# GENERATED FILE - DO NOT EDIT DIRECTLY
schema_version: 1

bundle:
  version: "0.1.0-dev"
  release_sequence: 0
  channel: "development"
  source_commit: "657577c5bb7a99217855834f9429f089afcb2082"
  digest: "sha256:ffdae1fe0904b20cf12a741df8b5cdb7c5ddd4e5997874c8a23e1ee9f5c75deb"

projection:
  input_digest: "sha256:62e5346c56fc89d1e8b82c30c1ac14b231842ed3864a11846cb6aeb1ccace2d5"
  output_digest: "sha256:4b3b78c8a4aee02ea83e390d5d35263e8194a012a156e1670ce137921cafa230"
  files:
    - path: ".claude/CLAUDE.md"
      digest: "sha256:7b50d15feae7b63b94d845b2fa6e19e3220527c5b0cac69303b7fc19bd7484a8"
    - path: ".gds/compiled-policy.json"
      digest: "sha256:8d0766974d1a743db3a751ced4ce972f79ab6d3b360d1a5af92ccaa66d339a98"
    - path: "AGENTS.md"
      digest: "sha256:37a41633f771e7a95804071538e67836c47c36a142237a2fb8097297b34113d8"
